{
  "name": "module-demo",
  "version": "1.0.0",
  "lockfileVersion": 3,
  "requires": true,
  "packages": {
    "": {
      "name": "module-demo",
      "version": "1.0.0",
      "license": "ISC",
      "workspaces": [
        "packages/*"
      ]
    },
    "node_modules/app-cjs": {
      "resolved": "packages/app-cjs",
      "link": true
    },
    "node_modules/app-esm": {
      "resolved": "packages/app-esm",
      "link": true
    },
    "node_modules/mod-cjs": {
      "resolved": "packages/mod-cjs",
      "link": true
    },
    "node_modules/mod-esm": {
      "resolved": "packages/mod-esm",
      "link": true
    },
    "packages/app-cjs": {
      "version": "1.0.0",
      "license": "ISC"
    },
    "packages/app-esm": {
      "version": "1.0.0",
      "license": "ISC"
    },
    "packages/mod-cjs": {
      "version": "1.0.0",
      "license": "ISC"
    },
    "packages/mod-esm": {
      "version": "1.0.0",
      "license": "ISC"
    }
  }
}
